
Microsoft Visual Studio Solution File, Format Version 12.00
# Visual Studio Version 16
VisualStudioVersion = 16.0.31729.503
MinimumVisualStudioVersion = 10.0.40219.1
Project("{FAE04EC0-301F-11D3-BF4B-00C04F79EFBC}") = "homework - 3", "homework - 3\homework - 3.csproj", "{84332554-4283-40B9-9E00-87FCB5C9D9DD}"
EndProject
Global
	GlobalSection(SolutionConfigurationPlatforms) = preSolution
		Debug|Any CPU = Debug|Any CPU
		Release|Any CPU = Release|Any CPU
	EndGlobalSection
	GlobalSection(ProjectConfigurationPlatforms) = postSolution
		{84332554-4283-40B9-9E00-87FCB5C9D9DD}.Debug|Any CPU.ActiveCfg = Debug|Any CPU
		{84332554-4283-40B9-9E00-87FCB5C9D9DD}.Debug|Any CPU.Build.0 = Debug|Any CPU
		{84332554-4283-40B9-9E00-87FCB5C9D9DD}.Release|Any CPU.ActiveCfg = Release|Any CPU
		{84332554-4283-40B9-9E00-87FCB5C9D9DD}.Release|Any CPU.Build.0 = Release|Any CPU
	EndGlobalSection
	GlobalSection(SolutionProperties) = preSolution
		HideSolutionNode = FALSE
	EndGlobalSection
	GlobalSection(ExtensibilityGlobals) = postSolution
		SolutionGuid = {E6FA98B3-02C9-42D8-964A-C4E60BE827A3}
	EndGlobalSection
EndGlobal
